
Microsoft Visual Studio Solution File, Format Version 12.00
# Visual Studio Version 16
VisualStudioVersion = 16.0.29503.13
MinimumVisualStudioVersion = 10.0.40219.1
Project("{FAE04EC0-301F-11D3-BF4B-00C04F79EFBC}") = "RegigCheck", "RegigCheck\RegigCheck.csproj", "{32802EAE-FE32-475A-A31F-E07CEADEA312}"
EndProject
Global
	GlobalSection(SolutionConfigurationPlatforms) = preSolution
		Debug|Any CPU = Debug|Any CPU
		Release|Any CPU = Release|Any CPU
	EndGlobalSection
	GlobalSection(ProjectConfigurationPlatforms) = postSolution
		{32802EAE-FE32-475A-A31F-E07CEADEA312}.Debug|Any CPU.ActiveCfg = Debug|Any CPU
		{32802EAE-FE32-475A-A31F-E07CEADEA312}.Debug|Any CPU.Build.0 = Debug|Any CPU
		{32802EAE-FE32-475A-A31F-E07CEADEA312}.Release|Any CPU.ActiveCfg = Release|Any CPU
		{32802EAE-FE32-475A-A31F-E07CEADEA312}.Release|Any CPU.Build.0 = Release|Any CPU
	EndGlobalSection
	GlobalSection(SolutionProperties) = preSolution
		HideSolutionNode = FALSE
	EndGlobalSection
	GlobalSection(ExtensibilityGlobals) = postSolution
		SolutionGuid = {044C6FA6-8CB2-4665-BB00-98126298F4CC}
	EndGlobalSection
EndGlobal
